
Microsoft Visual Studio Solution File, Format Version 12.00
# Visual Studio Version 16
VisualStudioVersion = 16.0.29102.190
MinimumVisualStudioVersion = 10.0.40219.1
Project("{2150E333-8FDC-42A3-9474-1A3956D46DE8}") = "Docs", "Docs", "{3DFADAE2-7E62-4CE5-AA07-D8A1937983C5}"
	ProjectSection(SolutionItems) = preProject
		README.md = README.md
	EndProjectSection
EndProject
Project("{2150E333-8FDC-42A3-9474-1A3956D46DE8}") = "Src", "Src", "{28F40D18-BA50-4B6E-AE65-1B65A41C0312}"
EndProject
Project("{2150E333-8FDC-42A3-9474-1A3956D46DE8}") = "Common", "Common", "{E02D1297-D9D0-4F23-98D9-36A87D559BBE}"
EndProject
Project("{2150E333-8FDC-42A3-9474-1A3956D46DE8}") = "Core", "Core", "{5C58CA13-D07E-45B1-8D37-4AC3EF61B37D}"
EndProject
Project("{2150E333-8FDC-42A3-9474-1A3956D46DE8}") = "Infrastructure", "Infrastructure", "{86A9EF12-631B-4740-B18F-C99A15B40480}"
EndProject
Project("{2150E333-8FDC-42A3-9474-1A3956D46DE8}") = "Presentation", "Presentation", "{3E2D7F62-80CE-4BAF-97B8-729D1811FAAB}"
EndProject
Project("{9A19103F-16F7-4668-BE54-9A1E7A4F7556}") = "DemoHub.Infrastructure", "DemoHub.Infrastructure\DemoHub.Infrastructure.csproj", "{F362DA82-FECE-4178-B0A0-D55209E9E09D}"
EndProject
Project("{9A19103F-16F7-4668-BE54-9A1E7A4F7556}") = "DemoHub.WebServices", "DemoHub.WebServices\DemoHub.WebServices.csproj", "{2BA885FD-2E4B-4642-8CB8-5EF5B8B763E3}"
EndProject
Project("{9A19103F-16F7-4668-BE54-9A1E7A4F7556}") = "DemoHub.Application", "DemoHub.Application\DemoHub.Application.csproj", "{7B533175-AD7D-4699-8003-2BB3E850A5DA}"
EndProject
Project("{2150E333-8FDC-42A3-9474-1A3956D46DE8}") = "Tests", "Tests", "{AA68C1D4-987E-4FA4-9396-842B5B4B7C13}"
EndProject
Project("{9A19103F-16F7-4668-BE54-9A1E7A4F7556}") = "DemoHub.Domain", "DemoHub.Domain\DemoHub.Domain.csproj", "{0FCC3657-3F45-4427-B55E-E8D82A839EA4}"
EndProject
Project("{2150E333-8FDC-42A3-9474-1A3956D46DE8}") = "WebServices", "WebServices", "{BD3E5E05-C22F-4966-A629-E4005A48993D}"
EndProject
Project("{9A19103F-16F7-4668-BE54-9A1E7A4F7556}") = "DemoHub.Calastone", "DemoHub.Calastone\DemoHub.Calastone.csproj", "{7CE2C52A-DEF7-491B-9727-48DD29ECF323}"
EndProject
Project("{9A19103F-16F7-4668-BE54-9A1E7A4F7556}") = "DemoHub.Chess", "DemoHub.Chess\DemoHub.Chess.csproj", "{B7FFD71E-BBD9-4B5F-9031-870ED56DCDB1}"
EndProject
Project("{9A19103F-16F7-4668-BE54-9A1E7A4F7556}") = "DemoHub.Iress", "DemoHub.Iress\DemoHub.Iress.csproj", "{2D6E61C9-FF2C-4517-949B-00E6D7F0A49B}"
EndProject
Project("{9A19103F-16F7-4668-BE54-9A1E7A4F7556}") = "DemoHub.Common", "DemoHub.Common\DemoHub.Common.csproj", "{5EFAA3FA-77CE-4F03-9AAF-833DFFB0C0AF}"
EndProject
Project("{9A19103F-16F7-4668-BE54-9A1E7A4F7556}") = "DemoHub.Persistence", "DemoHub.Persistence\DemoHub.Persistence.csproj", "{DA25F5C4-1C7D-4653-A467-58789F6A8C32}"
EndProject
Project("{9A19103F-16F7-4668-BE54-9A1E7A4F7556}") = "DemoHub.ChessConnection", "TestChessClasses\TestChessClasses\DemoHub.ChessConnection.csproj", "{FB25D267-C4DC-47F3-A9A5-72217953152E}"
EndProject
Project("{FAE04EC0-301F-11D3-BF4B-00C04F79EFBC}") = "ChessConn", "ChessConn\ChessConn.csproj", "{D0041B7B-C8F4-45D4-AED7-B840145E38AE}"
EndProject
Global
	GlobalSection(SolutionConfigurationPlatforms) = preSolution
		Debug|Any CPU = Debug|Any CPU
		Release|Any CPU = Release|Any CPU
	EndGlobalSection
	GlobalSection(ProjectConfigurationPlatforms) = postSolution
		{F362DA82-FECE-4178-B0A0-D55209E9E09D}.Debug|Any CPU.ActiveCfg = Debug|Any CPU
		{F362DA82-FECE-4178-B0A0-D55209E9E09D}.Debug|Any CPU.Build.0 = Debug|Any CPU
		{F362DA82-FECE-4178-B0A0-D55209E9E09D}.Release|Any CPU.ActiveCfg = Release|Any CPU
		{F362DA82-FECE-4178-B0A0-D55209E9E09D}.Release|Any CPU.Build.0 = Release|Any CPU
		{2BA885FD-2E4B-4642-8CB8-5EF5B8B763E3}.Debug|Any CPU.ActiveCfg = Debug|Any CPU
		{2BA885FD-2E4B-4642-8CB8-5EF5B8B763E3}.Debug|Any CPU.Build.0 = Debug|Any CPU
		{2BA885FD-2E4B-4642-8CB8-5EF5B8B763E3}.Release|Any CPU.ActiveCfg = Release|Any CPU
		{2BA885FD-2E4B-4642-8CB8-5EF5B8B763E3}.Release|Any CPU.Build.0 = Release|Any CPU
		{7B533175-AD7D-4699-8003-2BB3E850A5DA}.Debug|Any CPU.ActiveCfg = Debug|Any CPU
		{7B533175-AD7D-4699-8003-2BB3E850A5DA}.Debug|Any CPU.Build.0 = Debug|Any CPU
		{7B533175-AD7D-4699-8003-2BB3E850A5DA}.Release|Any CPU.ActiveCfg = Release|Any CPU
		{7B533175-AD7D-4699-8003-2BB3E850A5DA}.Release|Any CPU.Build.0 = Release|Any CPU
		{0FCC3657-3F45-4427-B55E-E8D82A839EA4}.Debug|Any CPU.ActiveCfg = Debug|Any CPU
		{0FCC3657-3F45-4427-B55E-E8D82A839EA4}.Debug|Any CPU.Build.0 = Debug|Any CPU
		{0FCC3657-3F45-4427-B55E-E8D82A839EA4}.Release|Any CPU.ActiveCfg = Release|Any CPU
		{0FCC3657-3F45-4427-B55E-E8D82A839EA4}.Release|Any CPU.Build.0 = Release|Any CPU
		{7CE2C52A-DEF7-491B-9727-48DD29ECF323}.Debug|Any CPU.ActiveCfg = Debug|Any CPU
		{7CE2C52A-DEF7-491B-9727-48DD29ECF323}.Debug|Any CPU.Build.0 = Debug|Any CPU
		{7CE2C52A-DEF7-491B-9727-48DD29ECF323}.Release|Any CPU.ActiveCfg = Release|Any CPU
		{7CE2C52A-DEF7-491B-9727-48DD29ECF323}.Release|Any CPU.Build.0 = Release|Any CPU
		{B7FFD71E-BBD9-4B5F-9031-870ED56DCDB1}.Debug|Any CPU.ActiveCfg = Debug|Any CPU
		{B7FFD71E-BBD9-4B5F-9031-870ED56DCDB1}.Debug|Any CPU.Build.0 = Debug|Any CPU
		{B7FFD71E-BBD9-4B5F-9031-870ED56DCDB1}.Release|Any CPU.ActiveCfg = Release|Any CPU
		{B7FFD71E-BBD9-4B5F-9031-870ED56DCDB1}.Release|Any CPU.Build.0 = Release|Any CPU
		{2D6E61C9-FF2C-4517-949B-00E6D7F0A49B}.Debug|Any CPU.ActiveCfg = Debug|Any CPU
		{2D6E61C9-FF2C-4517-949B-00E6D7F0A49B}.Debug|Any CPU.Build.0 = Debug|Any CPU
		{2D6E61C9-FF2C-4517-949B-00E6D7F0A49B}.Release|Any CPU.ActiveCfg = Release|Any CPU
		{2D6E61C9-FF2C-4517-949B-00E6D7F0A49B}.Release|Any CPU.Build.0 = Release|Any CPU
		{5EFAA3FA-77CE-4F03-9AAF-833DFFB0C0AF}.Debug|Any CPU.ActiveCfg = Debug|Any CPU
		{5EFAA3FA-77CE-4F03-9AAF-833DFFB0C0AF}.Debug|Any CPU.Build.0 = Debug|Any CPU
		{5EFAA3FA-77CE-4F03-9AAF-833DFFB0C0AF}.Release|Any CPU.ActiveCfg = Release|Any CPU
		{5EFAA3FA-77CE-4F03-9AAF-833DFFB0C0AF}.Release|Any CPU.Build.0 = Release|Any CPU
		{DA25F5C4-1C7D-4653-A467-58789F6A8C32}.Debug|Any CPU.ActiveCfg = Debug|Any CPU
		{DA25F5C4-1C7D-4653-A467-58789F6A8C32}.Debug|Any CPU.Build.0 = Debug|Any CPU
		{DA25F5C4-1C7D-4653-A467-58789F6A8C32}.Release|Any CPU.ActiveCfg = Release|Any CPU
		{DA25F5C4-1C7D-4653-A467-58789F6A8C32}.Release|Any CPU.Build.0 = Release|Any CPU
		{FB25D267-C4DC-47F3-A9A5-72217953152E}.Debug|Any CPU.ActiveCfg = Debug|Any CPU
		{FB25D267-C4DC-47F3-A9A5-72217953152E}.Debug|Any CPU.Build.0 = Debug|Any CPU
		{FB25D267-C4DC-47F3-A9A5-72217953152E}.Release|Any CPU.ActiveCfg = Release|Any CPU
		{FB25D267-C4DC-47F3-A9A5-72217953152E}.Release|Any CPU.Build.0 = Release|Any CPU
		{D0041B7B-C8F4-45D4-AED7-B840145E38AE}.Debug|Any CPU.ActiveCfg = Debug|Any CPU
		{D0041B7B-C8F4-45D4-AED7-B840145E38AE}.Debug|Any CPU.Build.0 = Debug|Any CPU
		{D0041B7B-C8F4-45D4-AED7-B840145E38AE}.Release|Any CPU.ActiveCfg = Release|Any CPU
		{D0041B7B-C8F4-45D4-AED7-B840145E38AE}.Release|Any CPU.Build.0 = Release|Any CPU
	EndGlobalSection
	GlobalSection(SolutionProperties) = preSolution
		HideSolutionNode = FALSE
	EndGlobalSection
	GlobalSection(NestedProjects) = preSolution
		{E02D1297-D9D0-4F23-98D9-36A87D559BBE} = {28F40D18-BA50-4B6E-AE65-1B65A41C0312}
		{5C58CA13-D07E-45B1-8D37-4AC3EF61B37D} = {28F40D18-BA50-4B6E-AE65-1B65A41C0312}
		{86A9EF12-631B-4740-B18F-C99A15B40480} = {28F40D18-BA50-4B6E-AE65-1B65A41C0312}
		{3E2D7F62-80CE-4BAF-97B8-729D1811FAAB} = {28F40D18-BA50-4B6E-AE65-1B65A41C0312}
		{F362DA82-FECE-4178-B0A0-D55209E9E09D} = {86A9EF12-631B-4740-B18F-C99A15B40480}
		{2BA885FD-2E4B-4642-8CB8-5EF5B8B763E3} = {86A9EF12-631B-4740-B18F-C99A15B40480}
		{7B533175-AD7D-4699-8003-2BB3E850A5DA} = {5C58CA13-D07E-45B1-8D37-4AC3EF61B37D}
		{0FCC3657-3F45-4427-B55E-E8D82A839EA4} = {5C58CA13-D07E-45B1-8D37-4AC3EF61B37D}
		{BD3E5E05-C22F-4966-A629-E4005A48993D} = {28F40D18-BA50-4B6E-AE65-1B65A41C0312}
		{7CE2C52A-DEF7-491B-9727-48DD29ECF323} = {BD3E5E05-C22F-4966-A629-E4005A48993D}
		{B7FFD71E-BBD9-4B5F-9031-870ED56DCDB1} = {BD3E5E05-C22F-4966-A629-E4005A48993D}
		{2D6E61C9-FF2C-4517-949B-00E6D7F0A49B} = {BD3E5E05-C22F-4966-A629-E4005A48993D}
		{5EFAA3FA-77CE-4F03-9AAF-833DFFB0C0AF} = {E02D1297-D9D0-4F23-98D9-36A87D559BBE}
		{DA25F5C4-1C7D-4653-A467-58789F6A8C32} = {86A9EF12-631B-4740-B18F-C99A15B40480}
		{FB25D267-C4DC-47F3-A9A5-72217953152E} = {86A9EF12-631B-4740-B18F-C99A15B40480}
		{D0041B7B-C8F4-45D4-AED7-B840145E38AE} = {86A9EF12-631B-4740-B18F-C99A15B40480}
	EndGlobalSection
	GlobalSection(ExtensibilityGlobals) = postSolution
		SolutionGuid = {A21B0B70-E797-4962-880F-8E9A0742B799}
	EndGlobalSection
EndGlobal
